
Microsoft Visual Studio Solution File, Format Version 12.00
# Visual Studio Version 17
VisualStudioVersion = 17.6.33815.320
MinimumVisualStudioVersion = 10.0.40219.1
Project("{FAE04EC0-301F-11D3-BF4B-00C04F79EFBC}") = "Studies of medicinal substances", "Studies of medicinal substances.csproj", "{A1F2FAE3-2361-49C4-BBEF-2A0D08ECDE3B}"
EndProject
Project("{FAE04EC0-301F-11D3-BF4B-00C04F79EFBC}") = "DLayer", "..\DLayer\DLayer.csproj", "{66BB8EEB-4113-4398-8433-3317C1F48C64}"
EndProject
Global
	GlobalSection(SolutionConfigurationPlatforms) = preSolution
		Debug|Any CPU = Debug|Any CPU
		Release|Any CPU = Release|Any CPU
	EndGlobalSection
	GlobalSection(ProjectConfigurationPlatforms) = postSolution
		{A1F2FAE3-2361-49C4-BBEF-2A0D08ECDE3B}.Debug|Any CPU.ActiveCfg = Debug|Any CPU
		{A1F2FAE3-2361-49C4-BBEF-2A0D08ECDE3B}.Debug|Any CPU.Build.0 = Debug|Any CPU
		{A1F2FAE3-2361-49C4-BBEF-2A0D08ECDE3B}.Release|Any CPU.ActiveCfg = Release|Any CPU
		{A1F2FAE3-2361-49C4-BBEF-2A0D08ECDE3B}.Release|Any CPU.Build.0 = Release|Any CPU
		{66BB8EEB-4113-4398-8433-3317C1F48C64}.Debug|Any CPU.ActiveCfg = Debug|Any CPU
		{66BB8EEB-4113-4398-8433-3317C1F48C64}.Debug|Any CPU.Build.0 = Debug|Any CPU
		{66BB8EEB-4113-4398-8433-3317C1F48C64}.Release|Any CPU.ActiveCfg = Release|Any CPU
		{66BB8EEB-4113-4398-8433-3317C1F48C64}.Release|Any CPU.Build.0 = Release|Any CPU
	EndGlobalSection
	GlobalSection(SolutionProperties) = preSolution
		HideSolutionNode = FALSE
	EndGlobalSection
	GlobalSection(ExtensibilityGlobals) = postSolution
		SolutionGuid = {5E3CCE4E-2937-4490-810F-87A15175EE6E}
	EndGlobalSection
EndGlobal
